
Microsoft Visual Studio Solution File, Format Version 12.00
Project("{FAE04EC0-301F-11D3-BF4B-00C04F79EFBC}") = "Wabbajack.Paths", "Wabbajack.Paths\Wabbajack.Paths.csproj", "{C9B2E29E-49C0-4B1A-8FA6-0723082621B2}"
EndProject
Project("{FAE04EC0-301F-11D3-BF4B-00C04F79EFBC}") = "Wabbajack.Paths.IO", "Wabbajack.Paths.IO\Wabbajack.Paths.IO.csproj", "{C0C6424D-F472-421E-AFF3-B4CD448AB3B4}"
EndProject
Project("{FAE04EC0-301F-11D3-BF4B-00C04F79EFBC}") = "Wabbajack.Paths.IO.Test", "Wabbajack.Paths.IO.Test\Wabbajack.Paths.IO.Test.csproj", "{BE30FCEC-4791-481B-AF53-67F960AD5884}"
EndProject
Project("{FAE04EC0-301F-11D3-BF4B-00C04F79EFBC}") = "Wabbajack.Paths.Test", "Wabbajack.Paths.Test\Wabbajack.Paths.Test.csproj", "{2333FEC4-825E-47EA-ADDC-745349309E85}"
EndProject
Project("{FAE04EC0-301F-11D3-BF4B-00C04F79EFBC}") = "Wabbajack.Hashing.xxHash64", "Wabbajack.Hashing.xxHash64\Wabbajack.Hashing.xxHash64.csproj", "{228456C6-28D3-4754-8154-11EBA68048F0}"
EndProject
Project("{FAE04EC0-301F-11D3-BF4B-00C04F79EFBC}") = "Wabbajack.Hashing.xxHash64.Benchmark", "Wabbajack.Hashing.xxHash64.Benchmark\Wabbajack.Hashing.xxHash64.Benchmark.csproj", "{32A3E8FD-0707-44D1-940E-44B625C014E0}"
EndProject
Project("{FAE04EC0-301F-11D3-BF4B-00C04F79EFBC}") = "Wabbajack.Hashing.xxHash64.Test", "Wabbajack.Hashing.xxHash64.Test\Wabbajack.Hashing.xxHash64.Test.csproj", "{120DD604-6BE8-4B2F-8894-3AB9FD36A374}"
EndProject
Project("{FAE04EC0-301F-11D3-BF4B-00C04F79EFBC}") = "Wabbajack.Downloaders.Interfaces", "Wabbajack.Downloaders.Interfaces\Wabbajack.Downloaders.Interfaces.csproj", "{B1D56F98-6AE3-43E6-9CDE-FE2A5BAC7F06}"
EndProject
Project("{FAE04EC0-301F-11D3-BF4B-00C04F79EFBC}") = "Wabbajack.Networking.Http.Interfaces", "Wabbajack.Networking.Http.Interfaces\Wabbajack.Networking.Http.Interfaces.csproj", "{8BC84DD8-0F4C-4694-BF2E-A85908686E44}"
EndProject
Project("{FAE04EC0-301F-11D3-BF4B-00C04F79EFBC}") = "Wabbajack.DTOs", "Wabbajack.DTOs\Wabbajack.DTOs.csproj", "{210F6154-F1FE-42FD-9799-2B081954C7F6}"
EndProject
Project("{FAE04EC0-301F-11D3-BF4B-00C04F79EFBC}") = "Wabbajack.DTOs.ConverterGenerators", "Wabbajack.DTOs.ConverterGenerators\Wabbajack.DTOs.ConverterGenerators.csproj", "{1146A2E8-31B8-41FE-895B-646BBB9B61C0}"
EndProject
Project("{FAE04EC0-301F-11D3-BF4B-00C04F79EFBC}") = "Wabbajack.DTOs.Test", "Wabbajack.DTOs.Test\Wabbajack.DTOs.Test.csproj", "{7A6FF06D-779E-4772-BDD6-71DE2980F7DF}"
EndProject
Project("{FAE04EC0-301F-11D3-BF4B-00C04F79EFBC}") = "Wabbajack.Networking.NexusApi", "Wabbajack.Networking.NexusApi\Wabbajack.Networking.NexusApi.csproj", "{CC626358-8E0B-4BC1-93C5-A52451F5818B}"
EndProject
Project("{FAE04EC0-301F-11D3-BF4B-00C04F79EFBC}") = "Wabbajack.Networking.NexusApi.Test", "Wabbajack.Networking.NexusApi.Test\Wabbajack.Networking.NexusApi.Test.csproj", "{E23367B5-360F-4B17-B921-0553B7DB07E9}"
EndProject
Project("{FAE04EC0-301F-11D3-BF4B-00C04F79EFBC}") = "Wabbajack.Downloaders.Nexus", "Wabbajack.Downloaders.Nexus\Wabbajack.Downloaders.Nexus.csproj", "{3BDAD0DF-24E7-4236-B6E5-5FDAAB0EE064}"
EndProject
Project("{FAE04EC0-301F-11D3-BF4B-00C04F79EFBC}") = "Wabbajack.Downloaders.Nexus.Test", "Wabbajack.Downloaders.Nexus.Test\Wabbajack.Downloaders.Nexus.Test.csproj", "{1BBD3C13-9D56-4940-8D6D-4954C87E917E}"
EndProject
Project("{FAE04EC0-301F-11D3-BF4B-00C04F79EFBC}") = "Wabbajack.Networking.Http", "Wabbajack.Networking.Http\Wabbajack.Networking.Http.csproj", "{7BE598E4-8640-4188-AC19-7E929E1B324D}"
EndProject
Project("{FAE04EC0-301F-11D3-BF4B-00C04F79EFBC}") = "Wabbajack.Networking.Http.Test", "Wabbajack.Networking.Http.Test\Wabbajack.Networking.Http.Test.csproj", "{177C720D-6237-4A3E-8775-320D963FADF0}"
EndProject
Project("{FAE04EC0-301F-11D3-BF4B-00C04F79EFBC}") = "Wabbajack.CLI", "Wabbajack.CLI\Wabbajack.CLI.csproj", "{3FE8C32C-C5E5-4EF4-85F7-84C3785378F9}"
EndProject
Project("{FAE04EC0-301F-11D3-BF4B-00C04F79EFBC}") = "Wabbajack.Downloaders.GoogleDrive", "Wabbajack.Downloaders.GoogleDrive\Wabbajack.Downloaders.GoogleDrive.csproj", "{E5E19726-C831-4FB3-BB52-B3FD9360F209}"
EndProject
Project("{FAE04EC0-301F-11D3-BF4B-00C04F79EFBC}") = "Wabbajack.Downloaders.GoogleDrive.Test", "Wabbajack.Downloaders.GoogleDrive.Test\Wabbajack.Downloaders.GoogleDrive.Test.csproj", "{6A907F6B-1490-4F7E-8B40-62E2788467CF}"
EndProject
Global
	GlobalSection(SolutionConfigurationPlatforms) = preSolution
		Debug|Any CPU = Debug|Any CPU
		Release|Any CPU = Release|Any CPU
	EndGlobalSection
	GlobalSection(ProjectConfigurationPlatforms) = postSolution
		{C9B2E29E-49C0-4B1A-8FA6-0723082621B2}.Debug|Any CPU.ActiveCfg = Debug|Any CPU
		{C9B2E29E-49C0-4B1A-8FA6-0723082621B2}.Debug|Any CPU.Build.0 = Debug|Any CPU
		{C9B2E29E-49C0-4B1A-8FA6-0723082621B2}.Release|Any CPU.ActiveCfg = Release|Any CPU
		{C9B2E29E-49C0-4B1A-8FA6-0723082621B2}.Release|Any CPU.Build.0 = Release|Any CPU
		{C0C6424D-F472-421E-AFF3-B4CD448AB3B4}.Debug|Any CPU.ActiveCfg = Debug|Any CPU
		{C0C6424D-F472-421E-AFF3-B4CD448AB3B4}.Debug|Any CPU.Build.0 = Debug|Any CPU
		{C0C6424D-F472-421E-AFF3-B4CD448AB3B4}.Release|Any CPU.ActiveCfg = Release|Any CPU
		{C0C6424D-F472-421E-AFF3-B4CD448AB3B4}.Release|Any CPU.Build.0 = Release|Any CPU
		{BE30FCEC-4791-481B-AF53-67F960AD5884}.Debug|Any CPU.ActiveCfg = Debug|Any CPU
		{BE30FCEC-4791-481B-AF53-67F960AD5884}.Debug|Any CPU.Build.0 = Debug|Any CPU
		{BE30FCEC-4791-481B-AF53-67F960AD5884}.Release|Any CPU.ActiveCfg = Release|Any CPU
		{BE30FCEC-4791-481B-AF53-67F960AD5884}.Release|Any CPU.Build.0 = Release|Any CPU
		{2333FEC4-825E-47EA-ADDC-745349309E85}.Debug|Any CPU.ActiveCfg = Debug|Any CPU
		{2333FEC4-825E-47EA-ADDC-745349309E85}.Debug|Any CPU.Build.0 = Debug|Any CPU
		{2333FEC4-825E-47EA-ADDC-745349309E85}.Release|Any CPU.ActiveCfg = Release|Any CPU
		{2333FEC4-825E-47EA-ADDC-745349309E85}.Release|Any CPU.Build.0 = Release|Any CPU
		{228456C6-28D3-4754-8154-11EBA68048F0}.Debug|Any CPU.ActiveCfg = Debug|Any CPU
		{228456C6-28D3-4754-8154-11EBA68048F0}.Debug|Any CPU.Build.0 = Debug|Any CPU
		{228456C6-28D3-4754-8154-11EBA68048F0}.Release|Any CPU.ActiveCfg = Release|Any CPU
		{228456C6-28D3-4754-8154-11EBA68048F0}.Release|Any CPU.Build.0 = Release|Any CPU
		{32A3E8FD-0707-44D1-940E-44B625C014E0}.Debug|Any CPU.ActiveCfg = Debug|Any CPU
		{32A3E8FD-0707-44D1-940E-44B625C014E0}.Debug|Any CPU.Build.0 = Debug|Any CPU
		{32A3E8FD-0707-44D1-940E-44B625C014E0}.Release|Any CPU.ActiveCfg = Release|Any CPU
		{32A3E8FD-0707-44D1-940E-44B625C014E0}.Release|Any CPU.Build.0 = Release|Any CPU
		{120DD604-6BE8-4B2F-8894-3AB9FD36A374}.Debug|Any CPU.ActiveCfg = Debug|Any CPU
		{120DD604-6BE8-4B2F-8894-3AB9FD36A374}.Debug|Any CPU.Build.0 = Debug|Any CPU
		{120DD604-6BE8-4B2F-8894-3AB9FD36A374}.Release|Any CPU.ActiveCfg = Release|Any CPU
		{120DD604-6BE8-4B2F-8894-3AB9FD36A374}.Release|Any CPU.Build.0 = Release|Any CPU
		{B1D56F98-6AE3-43E6-9CDE-FE2A5BAC7F06}.Debug|Any CPU.ActiveCfg = Debug|Any CPU
		{B1D56F98-6AE3-43E6-9CDE-FE2A5BAC7F06}.Debug|Any CPU.Build.0 = Debug|Any CPU
		{B1D56F98-6AE3-43E6-9CDE-FE2A5BAC7F06}.Release|Any CPU.ActiveCfg = Release|Any CPU
		{B1D56F98-6AE3-43E6-9CDE-FE2A5BAC7F06}.Release|Any CPU.Build.0 = Release|Any CPU
		{8BC84DD8-0F4C-4694-BF2E-A85908686E44}.Debug|Any CPU.ActiveCfg = Debug|Any CPU
		{8BC84DD8-0F4C-4694-BF2E-A85908686E44}.Debug|Any CPU.Build.0 = Debug|Any CPU
		{8BC84DD8-0F4C-4694-BF2E-A85908686E44}.Release|Any CPU.ActiveCfg = Release|Any CPU
		{8BC84DD8-0F4C-4694-BF2E-A85908686E44}.Release|Any CPU.Build.0 = Release|Any CPU
		{210F6154-F1FE-42FD-9799-2B081954C7F6}.Debug|Any CPU.ActiveCfg = Debug|Any CPU
		{210F6154-F1FE-42FD-9799-2B081954C7F6}.Debug|Any CPU.Build.0 = Debug|Any CPU
		{210F6154-F1FE-42FD-9799-2B081954C7F6}.Release|Any CPU.ActiveCfg = Release|Any CPU
		{210F6154-F1FE-42FD-9799-2B081954C7F6}.Release|Any CPU.Build.0 = Release|Any CPU
		{1146A2E8-31B8-41FE-895B-646BBB9B61C0}.Debug|Any CPU.ActiveCfg = Debug|Any CPU
		{1146A2E8-31B8-41FE-895B-646BBB9B61C0}.Debug|Any CPU.Build.0 = Debug|Any CPU
		{1146A2E8-31B8-41FE-895B-646BBB9B61C0}.Release|Any CPU.ActiveCfg = Release|Any CPU
		{1146A2E8-31B8-41FE-895B-646BBB9B61C0}.Release|Any CPU.Build.0 = Release|Any CPU
		{7A6FF06D-779E-4772-BDD6-71DE2980F7DF}.Debug|Any CPU.ActiveCfg = Debug|Any CPU
		{7A6FF06D-779E-4772-BDD6-71DE2980F7DF}.Debug|Any CPU.Build.0 = Debug|Any CPU
		{7A6FF06D-779E-4772-BDD6-71DE2980F7DF}.Release|Any CPU.ActiveCfg = Release|Any CPU
		{7A6FF06D-779E-4772-BDD6-71DE2980F7DF}.Release|Any CPU.Build.0 = Release|Any CPU
		{CC626358-8E0B-4BC1-93C5-A52451F5818B}.Debug|Any CPU.ActiveCfg = Debug|Any CPU
		{CC626358-8E0B-4BC1-93C5-A52451F5818B}.Debug|Any CPU.Build.0 = Debug|Any CPU
		{CC626358-8E0B-4BC1-93C5-A52451F5818B}.Release|Any CPU.ActiveCfg = Release|Any CPU
		{CC626358-8E0B-4BC1-93C5-A52451F5818B}.Release|Any CPU.Build.0 = Release|Any CPU
		{E23367B5-360F-4B17-B921-0553B7DB07E9}.Debug|Any CPU.ActiveCfg = Debug|Any CPU
		{E23367B5-360F-4B17-B921-0553B7DB07E9}.Debug|Any CPU.Build.0 = Debug|Any CPU
		{E23367B5-360F-4B17-B921-0553B7DB07E9}.Release|Any CPU.ActiveCfg = Release|Any CPU
		{E23367B5-360F-4B17-B921-0553B7DB07E9}.Release|Any CPU.Build.0 = Release|Any CPU
		{3BDAD0DF-24E7-4236-B6E5-5FDAAB0EE064}.Debug|Any CPU.ActiveCfg = Debug|Any CPU
		{3BDAD0DF-24E7-4236-B6E5-5FDAAB0EE064}.Debug|Any CPU.Build.0 = Debug|Any CPU
		{3BDAD0DF-24E7-4236-B6E5-5FDAAB0EE064}.Release|Any CPU.ActiveCfg = Release|Any CPU
		{3BDAD0DF-24E7-4236-B6E5-5FDAAB0EE064}.Release|Any CPU.Build.0 = Release|Any CPU
		{1BBD3C13-9D56-4940-8D6D-4954C87E917E}.Debug|Any CPU.ActiveCfg = Debug|Any CPU
		{1BBD3C13-9D56-4940-8D6D-4954C87E917E}.Debug|Any CPU.Build.0 = Debug|Any CPU
		{1BBD3C13-9D56-4940-8D6D-4954C87E917E}.Release|Any CPU.ActiveCfg = Release|Any CPU
		{1BBD3C13-9D56-4940-8D6D-4954C87E917E}.Release|Any CPU.Build.0 = Release|Any CPU
		{7BE598E4-8640-4188-AC19-7E929E1B324D}.Debug|Any CPU.ActiveCfg = Debug|Any CPU
		{7BE598E4-8640-4188-AC19-7E929E1B324D}.Debug|Any CPU.Build.0 = Debug|Any CPU
		{7BE598E4-8640-4188-AC19-7E929E1B324D}.Release|Any CPU.ActiveCfg = Release|Any CPU
		{7BE598E4-8640-4188-AC19-7E929E1B324D}.Release|Any CPU.Build.0 = Release|Any CPU
		{177C720D-6237-4A3E-8775-320D963FADF0}.Debug|Any CPU.ActiveCfg = Debug|Any CPU
		{177C720D-6237-4A3E-8775-320D963FADF0}.Debug|Any CPU.Build.0 = Debug|Any CPU
		{177C720D-6237-4A3E-8775-320D963FADF0}.Release|Any CPU.ActiveCfg = Release|Any CPU
		{177C720D-6237-4A3E-8775-320D963FADF0}.Release|Any CPU.Build.0 = Release|Any CPU
		{3FE8C32C-C5E5-4EF4-85F7-84C3785378F9}.Debug|Any CPU.ActiveCfg = Debug|Any CPU
		{3FE8C32C-C5E5-4EF4-85F7-84C3785378F9}.Debug|Any CPU.Build.0 = Debug|Any CPU
		{3FE8C32C-C5E5-4EF4-85F7-84C3785378F9}.Release|Any CPU.ActiveCfg = Release|Any CPU
		{3FE8C32C-C5E5-4EF4-85F7-84C3785378F9}.Release|Any CPU.Build.0 = Release|Any CPU
		{E5E19726-C831-4FB3-BB52-B3FD9360F209}.Debug|Any CPU.ActiveCfg = Debug|Any CPU
		{E5E19726-C831-4FB3-BB52-B3FD9360F209}.Debug|Any CPU.Build.0 = Debug|Any CPU
		{E5E19726-C831-4FB3-BB52-B3FD9360F209}.Release|Any CPU.ActiveCfg = Release|Any CPU
		{E5E19726-C831-4FB3-BB52-B3FD9360F209}.Release|Any CPU.Build.0 = Release|Any CPU
		{6A907F6B-1490-4F7E-8B40-62E2788467CF}.Debug|Any CPU.ActiveCfg = Debug|Any CPU
		{6A907F6B-1490-4F7E-8B40-62E2788467CF}.Debug|Any CPU.Build.0 = Debug|Any CPU
		{6A907F6B-1490-4F7E-8B40-62E2788467CF}.Release|Any CPU.ActiveCfg = Release|Any CPU
		{6A907F6B-1490-4F7E-8B40-62E2788467CF}.Release|Any CPU.Build.0 = Release|Any CPU
	EndGlobalSection
EndGlobal
