
Microsoft Visual Studio Solution File, Format Version 12.00
Project("{FAE04EC0-301F-11D3-BF4B-00C04F79EFBC}") = "Wabbajack.Paths", "Wabbajack.Paths\Wabbajack.Paths.csproj", "{C9B2E29E-49C0-4B1A-8FA6-0723082621B2}"
EndProject
Project("{FAE04EC0-301F-11D3-BF4B-00C04F79EFBC}") = "Wabbajack.Paths.IO", "Wabbajack.Paths.IO\Wabbajack.Paths.IO.csproj", "{C0C6424D-F472-421E-AFF3-B4CD448AB3B4}"
EndProject
Project("{FAE04EC0-301F-11D3-BF4B-00C04F79EFBC}") = "Wabbajack.Paths.IO.Test", "Wabbajack.Paths.IO.Test\Wabbajack.Paths.IO.Test.csproj", "{BE30FCEC-4791-481B-AF53-67F960AD5884}"
EndProject
Project("{FAE04EC0-301F-11D3-BF4B-00C04F79EFBC}") = "Wabbajack.Paths.Test", "Wabbajack.Paths.Test\Wabbajack.Paths.Test.csproj", "{2333FEC4-825E-47EA-ADDC-745349309E85}"
EndProject
Project("{FAE04EC0-301F-11D3-BF4B-00C04F79EFBC}") = "Wabbajack.Hashing.xxHash64", "Wabbajack.Hashing.xxHash64\Wabbajack.Hashing.xxHash64.csproj", "{228456C6-28D3-4754-8154-11EBA68048F0}"
EndProject
Project("{FAE04EC0-301F-11D3-BF4B-00C04F79EFBC}") = "Wabbajack.Hashing.xxHash64.Benchmark", "Wabbajack.Hashing.xxHash64.Benchmark\Wabbajack.Hashing.xxHash64.Benchmark.csproj", "{32A3E8FD-0707-44D1-940E-44B625C014E0}"
EndProject
Project("{FAE04EC0-301F-11D3-BF4B-00C04F79EFBC}") = "Wabbajack.Hashing.xxHash64.Test", "Wabbajack.Hashing.xxHash64.Test\Wabbajack.Hashing.xxHash64.Test.csproj", "{120DD604-6BE8-4B2F-8894-3AB9FD36A374}"
EndProject
Global
	GlobalSection(SolutionConfigurationPlatforms) = preSolution
		Debug|Any CPU = Debug|Any CPU
		Release|Any CPU = Release|Any CPU
	EndGlobalSection
	GlobalSection(ProjectConfigurationPlatforms) = postSolution
		{C9B2E29E-49C0-4B1A-8FA6-0723082621B2}.Debug|Any CPU.ActiveCfg = Debug|Any CPU
		{C9B2E29E-49C0-4B1A-8FA6-0723082621B2}.Debug|Any CPU.Build.0 = Debug|Any CPU
		{C9B2E29E-49C0-4B1A-8FA6-0723082621B2}.Release|Any CPU.ActiveCfg = Release|Any CPU
		{C9B2E29E-49C0-4B1A-8FA6-0723082621B2}.Release|Any CPU.Build.0 = Release|Any CPU
		{C0C6424D-F472-421E-AFF3-B4CD448AB3B4}.Debug|Any CPU.ActiveCfg = Debug|Any CPU
		{C0C6424D-F472-421E-AFF3-B4CD448AB3B4}.Debug|Any CPU.Build.0 = Debug|Any CPU
		{C0C6424D-F472-421E-AFF3-B4CD448AB3B4}.Release|Any CPU.ActiveCfg = Release|Any CPU
		{C0C6424D-F472-421E-AFF3-B4CD448AB3B4}.Release|Any CPU.Build.0 = Release|Any CPU
		{BE30FCEC-4791-481B-AF53-67F960AD5884}.Debug|Any CPU.ActiveCfg = Debug|Any CPU
		{BE30FCEC-4791-481B-AF53-67F960AD5884}.Debug|Any CPU.Build.0 = Debug|Any CPU
		{BE30FCEC-4791-481B-AF53-67F960AD5884}.Release|Any CPU.ActiveCfg = Release|Any CPU
		{BE30FCEC-4791-481B-AF53-67F960AD5884}.Release|Any CPU.Build.0 = Release|Any CPU
		{2333FEC4-825E-47EA-ADDC-745349309E85}.Debug|Any CPU.ActiveCfg = Debug|Any CPU
		{2333FEC4-825E-47EA-ADDC-745349309E85}.Debug|Any CPU.Build.0 = Debug|Any CPU
		{2333FEC4-825E-47EA-ADDC-745349309E85}.Release|Any CPU.ActiveCfg = Release|Any CPU
		{2333FEC4-825E-47EA-ADDC-745349309E85}.Release|Any CPU.Build.0 = Release|Any CPU
		{228456C6-28D3-4754-8154-11EBA68048F0}.Debug|Any CPU.ActiveCfg = Debug|Any CPU
		{228456C6-28D3-4754-8154-11EBA68048F0}.Debug|Any CPU.Build.0 = Debug|Any CPU
		{228456C6-28D3-4754-8154-11EBA68048F0}.Release|Any CPU.ActiveCfg = Release|Any CPU
		{228456C6-28D3-4754-8154-11EBA68048F0}.Release|Any CPU.Build.0 = Release|Any CPU
		{32A3E8FD-0707-44D1-940E-44B625C014E0}.Debug|Any CPU.ActiveCfg = Debug|Any CPU
		{32A3E8FD-0707-44D1-940E-44B625C014E0}.Debug|Any CPU.Build.0 = Debug|Any CPU
		{32A3E8FD-0707-44D1-940E-44B625C014E0}.Release|Any CPU.ActiveCfg = Release|Any CPU
		{32A3E8FD-0707-44D1-940E-44B625C014E0}.Release|Any CPU.Build.0 = Release|Any CPU
		{120DD604-6BE8-4B2F-8894-3AB9FD36A374}.Debug|Any CPU.ActiveCfg = Debug|Any CPU
		{120DD604-6BE8-4B2F-8894-3AB9FD36A374}.Debug|Any CPU.Build.0 = Debug|Any CPU
		{120DD604-6BE8-4B2F-8894-3AB9FD36A374}.Release|Any CPU.ActiveCfg = Release|Any CPU
		{120DD604-6BE8-4B2F-8894-3AB9FD36A374}.Release|Any CPU.Build.0 = Release|Any CPU
	EndGlobalSection
EndGlobal
